{
  "pins" : [
    {
      "identity" : "alamofire",
      "kind" : "remoteSourceControl",
      "location" : "https://github.com/Alamofire/Alamofire.git",
      "state" : {
        "revision" : "f455c2975872ccd2d9c81594c658af65716e9b9a",
        "version" : "5.9.1"
      }
    },
    {
      "identity" : "kakao-ios-sdk",
      "kind" : "remoteSourceControl",
      "location" : "https://github.com/kakao/kakao-ios-sdk",
      "state" : {
        "revision" : "5fcd519edd8ecfa134017fff90cf0d30e0a90919",
        "version" : "2.22.7"
      }
    },
    {
      "identity" : "lottie-ios",
      "kind" : "remoteSourceControl",
      "location" : "https://github.com/airbnb/lottie-ios",
      "state" : {
        "revision" : "fe4c6fe3a0aa66cdeb51d549623c82ca9704b9a5",
        "version" : "4.5.0"
      }
    },
    {
      "identity" : "swiftyjson",
      "kind" : "remoteSourceControl",
      "location" : "https://github.com/SwiftyJSON/SwiftyJSON",
      "state" : {
        "revision" : "af76cf3ef710b6ca5f8c05f3a31307d44a3c5828",
        "version" : "5.0.2"
      }
    }
  ],
  "version" : 2
}
